// !$*UTF8*$!
{
	archiveVersion = 1;
	classes = {
	};
	objectVersion = 48;
	objects = {

/* Begin PBXBuildFile section */
		EF842C5D1FE91A05002039FA /* AppDelegate.swift in Sources */ = {isa = PBXBuildFile; fileRef = EF842C5C1FE91A05002039FA /* AppDelegate.swift */; };
		EF842C5F1FE91A05002039FA /* ViewController.swift in Sources */ = {isa = PBXBuildFile; fileRef = EF842C5E1FE91A05002039FA /* ViewController.swift */; };
		EF842C621FE91A05002039FA /* Main.storyboard in Resources */ = {isa = PBXBuildFile; fileRef = EF842C601FE91A05002039FA /* Main.storyboard */; };
		EF842C641FE91A05002039FA /* Assets.xcassets in Resources */ = {isa = PBXBuildFile; fileRef = EF842C631FE91A05002039FA /* Assets.xcassets */; };
		EF842C671FE91A05002039FA /* LaunchScreen.storyboard in Resources */ = {isa = PBXBuildFile; fileRef = EF842C651FE91A05002039FA /* LaunchScreen.storyboard */; };
		EF842C741FE91B77002039FA /* Fabric.framework in Frameworks */ = {isa = PBXBuildFile; fileRef = EF842C6F1FE91B77002039FA /* Fabric.framework */; };
		EF842C751FE91B78002039FA /* ZendeskSDKStrings.bundle in Resources */ = {isa = PBXBuildFile; fileRef = EF842C701FE91B77002039FA /* ZendeskSDKStrings.bundle */; };
		EF842C761FE91B78002039FA /* ZendeskSDK.bundle in Resources */ = {isa = PBXBuildFile; fileRef = EF842C711FE91B77002039FA /* ZendeskSDK.bundle */; };
		EF842C771FE91B78002039FA /* ZendeskSDK.framework in Frameworks */ = {isa = PBXBuildFile; fileRef = EF842C721FE91B77002039FA /* ZendeskSDK.framework */; };
		EF842C781FE91B78002039FA /* ZendeskProviderSDK.framework in Frameworks */ = {isa = PBXBuildFile; fileRef = EF842C731FE91B77002039FA /* ZendeskProviderSDK.framework */; };
/* End PBXBuildFile section */

/* Begin PBXFileReference section */
		EF842C591FE91A04002039FA /* Phelim Test App.app */ = {isa = PBXFileReference; explicitFileType = wrapper.application; includeInIndex = 0; path = "Phelim Test App.app"; sourceTree = BUILT_PRODUCTS_DIR; };
		EF842C5C1FE91A05002039FA /* AppDelegate.swift */ = {isa = PBXFileReference; lastKnownFileType = sourcecode.swift; path = AppDelegate.swift; sourceTree = "<group>"; };
		EF842C5E1FE91A05002039FA /* ViewController.swift */ = {isa = PBXFileReference; lastKnownFileType = sourcecode.swift; path = ViewController.swift; sourceTree = "<group>"; };
		EF842C611FE91A05002039FA /* Base */ = {isa = PBXFileReference; lastKnownFileType = file.storyboard; name = Base; path = Base.lproj/Main.storyboard; sourceTree = "<group>"; };
		EF842C631FE91A05002039FA /* Assets.xcassets */ = {isa = PBXFileReference; lastKnownFileType = folder.assetcatalog; path = Assets.xcassets; sourceTree = "<group>"; };
		EF842C661FE91A05002039FA /* Base */ = {isa = PBXFileReference; lastKnownFileType = file.storyboard; name = Base; path = Base.lproj/LaunchScreen.storyboard; sourceTree = "<group>"; };
		EF842C681FE91A05002039FA /* Info.plist */ = {isa = PBXFileReference; lastKnownFileType = text.plist.xml; path = Info.plist; sourceTree = "<group>"; };
		EF842C6F1FE91B77002039FA /* Fabric.framework */ = {isa = PBXFileReference; lastKnownFileType = wrapper.framework; path = Fabric.framework; sourceTree = "<group>"; };
		EF842C701FE91B77002039FA /* ZendeskSDKStrings.bundle */ = {isa = PBXFileReference; lastKnownFileType = "wrapper.plug-in"; path = ZendeskSDKStrings.bundle; sourceTree = "<group>"; };
		EF842C711FE91B77002039FA /* ZendeskSDK.bundle */ = {isa = PBXFileReference; lastKnownFileType = "wrapper.plug-in"; path = ZendeskSDK.bundle; sourceTree = "<group>"; };
		EF842C721FE91B77002039FA /* ZendeskSDK.framework */ = {isa = PBXFileReference; lastKnownFileType = wrapper.framework; path = ZendeskSDK.framework; sourceTree = "<group>"; };
		EF842C731FE91B77002039FA /* ZendeskProviderSDK.framework */ = {isa = PBXFileReference; lastKnownFileType = wrapper.framework; path = ZendeskProviderSDK.framework; sourceTree = "<group>"; };
/* End PBXFileReference section */

/* Begin PBXFrameworksBuildPhase section */
		EF842C561FE91A04002039FA /* Frameworks */ = {
			isa = PBXFrameworksBuildPhase;
			buildActionMask = 2147483647;
			files = (
				EF842C771FE91B78002039FA /* ZendeskSDK.framework in Frameworks */,
				EF842C781FE91B78002039FA /* ZendeskProviderSDK.framework in Frameworks */,
				EF842C741FE91B77002039FA /* Fabric.framework in Frameworks */,
			);
			runOnlyForDeploymentPostprocessing = 0;
		};
/* End PBXFrameworksBuildPhase section */

/* Begin PBXGroup section */
		EF842C501FE91A04002039FA = {
			isa = PBXGroup;
			children = (
				EF842C5B1FE91A04002039FA /* Phelim Test App */,
				EF842C5A1FE91A04002039FA /* Products */,
				EF842C6F1FE91B77002039FA /* Fabric.framework */,
				EF842C731FE91B77002039FA /* ZendeskProviderSDK.framework */,
				EF842C711FE91B77002039FA /* ZendeskSDK.bundle */,
				EF842C721FE91B77002039FA /* ZendeskSDK.framework */,
				EF842C701FE91B77002039FA /* ZendeskSDKStrings.bundle */,
			);
			sourceTree = "<group>";
		};
		EF842C5A1FE91A04002039FA /* Products */ = {
			isa = PBXGroup;
			children = (
				EF842C591FE91A04002039FA /* Phelim Test App.app */,
			);
			name = Products;
			sourceTree = "<group>";
		};
		EF842C5B1FE91A04002039FA /* Phelim Test App */ = {
			isa = PBXGroup;
			children = (
				EF842C5C1FE91A05002039FA /* AppDelegate.swift */,
				EF842C5E1FE91A05002039FA /* ViewController.swift */,
				EF842C601FE91A05002039FA /* Main.storyboard */,
				EF842C631FE91A05002039FA /* Assets.xcassets */,
				EF842C651FE91A05002039FA /* LaunchScreen.storyboard */,
				EF842C681FE91A05002039FA /* Info.plist */,
			);
			path = "Phelim Test App";
			sourceTree = "<group>";
		};
/* End PBXGroup section */

/* Begin PBXNativeTarget section */
		EF842C581FE91A04002039FA /* Phelim Test App */ = {
			isa = PBXNativeTarget;
			buildConfigurationList = EF842C6B1FE91A05002039FA /* Build configuration list for PBXNativeTarget "Phelim Test App" */;
			buildPhases = (
				EF842C551FE91A04002039FA /* Sources */,
				EF842C561FE91A04002039FA /* Frameworks */,
				EF842C571FE91A04002039FA /* Resources */,
				EF842C6E1FE91B32002039FA /* ShellScript */,
			);
			buildRules = (
			);
			dependencies = (
			);
			name = "Phelim Test App";
			productName = "Phelim Test App";
			productReference = EF842C591FE91A04002039FA /* Phelim Test App.app */;
			productType = "com.apple.product-type.application";
		};
/* End PBXNativeTarget section */

/* Begin PBXProject section */
		EF842C511FE91A04002039FA /* Project object */ = {
			isa = PBXProject;
			attributes = {
				LastSwiftUpdateCheck = 0920;
				LastUpgradeCheck = 0920;
				ORGANIZATIONNAME = "Phelim O Brien";
				TargetAttributes = {
					EF842C581FE91A04002039FA = {
						CreatedOnToolsVersion = 9.2;
						ProvisioningStyle = Automatic;
					};
				};
			};
			buildConfigurationList = EF842C541FE91A04002039FA /* Build configuration list for PBXProject "Phelim Test App" */;
			compatibilityVersion = "Xcode 8.0";
			developmentRegion = en;
			hasScannedForEncodings = 0;
			knownRegions = (
				en,
				Base,
			);
			mainGroup = EF842C501FE91A04002039FA;
			productRefGroup = EF842C5A1FE91A04002039FA /* Products */;
			projectDirPath = "";
			projectRoot = "";
			targets = (
				EF842C581FE91A04002039FA /* Phelim Test App */,
			);
		};
/* End PBXProject section */

/* Begin PBXResourcesBuildPhase section */
		EF842C571FE91A04002039FA /* Resources */ = {
			isa = PBXResourcesBuildPhase;
			buildActionMask = 2147483647;
			files = (
				EF842C751FE91B78002039FA /* ZendeskSDKStrings.bundle in Resources */,
				EF842C671FE91A05002039FA /* LaunchScreen.storyboard in Resources */,
				EF842C641FE91A05002039FA /* Assets.xcassets in Resources */,
				EF842C761FE91B78002039FA /* ZendeskSDK.bundle in Resources */,
				EF842C621FE91A05002039FA /* Main.storyboard in Resources */,
			);
			runOnlyForDeploymentPostprocessing = 0;
		};
/* End PBXResourcesBuildPhase section */

/* Begin PBXShellScriptBuildPhase section */
		EF842C6E1FE91B32002039FA /* ShellScript */ = {
			isa = PBXShellScriptBuildPhase;
			buildActionMask = 2147483647;
			files = (
			);
			inputPaths = (
			);
			outputPaths = (
			);
			runOnlyForDeploymentPostprocessing = 0;
			shellPath = /bin/sh;
			shellScript = "./Fabric.framework/run cd739edf438ea1367cf86e017a55b67db51ab5b5 f3c997560edb11fb8e93b8b9fa1d397e56c965126f0741c8d5d03b06d0b0c52b";
		};
/* End PBXShellScriptBuildPhase section */

/* Begin PBXSourcesBuildPhase section */
		EF842C551FE91A04002039FA /* Sources */ = {
			isa = PBXSourcesBuildPhase;
			buildActionMask = 2147483647;
			files = (
				EF842C5F1FE91A05002039FA /* ViewController.swift in Sources */,
				EF842C5D1FE91A05002039FA /* AppDelegate.swift in Sources */,
			);
			runOnlyForDeploymentPostprocessing = 0;
		};
/* End PBXSourcesBuildPhase section */

/* Begin PBXVariantGroup section */
		EF842C601FE91A05002039FA /* Main.storyboard */ = {
			isa = PBXVariantGroup;
			children = (
				EF842C611FE91A05002039FA /* Base */,
			);
			name = Main.storyboard;
			sourceTree = "<group>";
		};
		EF842C651FE91A05002039FA /* LaunchScreen.storyboard */ = {
			isa = PBXVariantGroup;
			children = (
				EF842C661FE91A05002039FA /* Base */,
			);
			name = LaunchScreen.storyboard;
			sourceTree = "<group>";
		};
/* End PBXVariantGroup section */

/* Begin XCBuildConfiguration section */
		EF842C691FE91A05002039FA /* Debug */ = {
			isa = XCBuildConfiguration;
			buildSettings = {
				ALWAYS_SEARCH_USER_PATHS = NO;
				CLANG_ANALYZER_NONNULL = YES;
				CLANG_ANALYZER_NUMBER_OBJECT_CONVERSION = YES_AGGRESSIVE;
				CLANG_CXX_LANGUAGE_STANDARD = "gnu++14";
				CLANG_CXX_LIBRARY = "libc++";
				CLANG_ENABLE_MODULES = YES;
				CLANG_ENABLE_OBJC_ARC = YES;
				CLANG_WARN_BLOCK_CAPTURE_AUTORELEASING = YES;
				CLANG_WARN_BOOL_CONVERSION = YES;
				CLANG_WARN_COMMA = YES;
				CLANG_WARN_CONSTANT_CONVERSION = YES;
				CLANG_WARN_DIRECT_OBJC_ISA_USAGE = YES_ERROR;
				CLANG_WARN_DOCUMENTATION_COMMENTS = YES;
				CLANG_WARN_EMPTY_BODY = YES;
				CLANG_WARN_ENUM_CONVERSION = YES;
				CLANG_WARN_INFINITE_RECURSION = YES;
				CLANG_WARN_INT_CONVERSION = YES;
				CLANG_WARN_NON_LITERAL_NULL_CONVERSION = YES;
				CLANG_WARN_OBJC_LITERAL_CONVERSION = YES;
				CLANG_WARN_OBJC_ROOT_CLASS = YES_ERROR;
				CLANG_WARN_RANGE_LOOP_ANALYSIS = YES;
				CLANG_WARN_STRICT_PROTOTYPES = YES;
				CLANG_WARN_SUSPICIOUS_MOVE = YES;
				CLANG_WARN_UNGUARDED_AVAILABILITY = YES_AGGRESSIVE;
				CLANG_WARN_UNREACHABLE_CODE = YES;
				CLANG_WARN__DUPLICATE_METHOD_MATCH = YES;
				CODE_SIGN_IDENTITY = "iPhone Developer";
				COPY_PHASE_STRIP = NO;
				DEBUG_INFORMATION_FORMAT = dwarf;
				ENABLE_STRICT_OBJC_MSGSEND = YES;
				ENABLE_TESTABILITY = YES;
				GCC_C_LANGUAGE_STANDARD = gnu11;
				GCC_DYNAMIC_NO_PIC = NO;
				GCC_NO_COMMON_BLOCKS = YES;
				GCC_OPTIMIZATION_LEVEL = 0;
				GCC_PREPROCESSOR_DEFINITIONS = (
					"DEBUG=1",
					"$(inherited)",
				);
				GCC_WARN_64_TO_32_BIT_CONVERSION = YES;
				GCC_WARN_ABOUT_RETURN_TYPE = YES_ERROR;
				GCC_WARN_UNDECLARED_SELECTOR = YES;
				GCC_WARN_UNINITIALIZED_AUTOS = YES_AGGRESSIVE;
				GCC_WARN_UNUSED_FUNCTION = YES;
				GCC_WARN_UNUSED_VARIABLE = YES;
				IPHONEOS_DEPLOYMENT_TARGET = 11.2;
				MTL_ENABLE_DEBUG_INFO = YES;
				ONLY_ACTIVE_ARCH = YES;
				SDKROOT = iphoneos;
				SWIFT_ACTIVE_COMPILATION_CONDITIONS = DEBUG;
				SWIFT_OPTIMIZATION_LEVEL = "-Onone";
			};
			name = Debug;
		};
		EF842C6A1FE91A05002039FA /* Release */ = {
			isa = XCBuildConfiguration;
			buildSettings = {
				ALWAYS_SEARCH_USER_PATHS = NO;
				CLANG_ANALYZER_NONNULL = YES;
				CLANG_ANALYZER_NUMBER_OBJECT_CONVERSION = YES_AGGRESSIVE;
				CLANG_CXX_LANGUAGE_STANDARD = "gnu++14";
				CLANG_CXX_LIBRARY = "libc++";
				CLANG_ENABLE_MODULES = YES;
				CLANG_ENABLE_OBJC_ARC = YES;
				CLANG_WARN_BLOCK_CAPTURE_AUTORELEASING = YES;
				CLANG_WARN_BOOL_CONVERSION = YES;
				CLANG_WARN_COMMA = YES;
				CLANG_WARN_CONSTANT_CONVERSION = YES;
				CLANG_WARN_DIRECT_OBJC_ISA_USAGE = YES_ERROR;
				CLANG_WARN_DOCUMENTATION_COMMENTS = YES;
				CLANG_WARN_EMPTY_BODY = YES;
				CLANG_WARN_ENUM_CONVERSION = YES;
				CLANG_WARN_INFINITE_RECURSION = YES;
				CLANG_WARN_INT_CONVERSION = YES;
				CLANG_WARN_NON_LITERAL_NULL_CONVERSION = YES;
				CLANG_WARN_OBJC_LITERAL_CONVERSION = YES;
				CLANG_WARN_OBJC_ROOT_CLASS = YES_ERROR;
				CLANG_WARN_RANGE_LOOP_ANALYSIS = YES;
				CLANG_WARN_STRICT_PROTOTYPES = YES;
				CLANG_WARN_SUSPICIOUS_MOVE = YES;
				CLANG_WARN_UNGUARDED_AVAILABILITY = YES_AGGRESSIVE;
				CLANG_WARN_UNREACHABLE_CODE = YES;
				CLANG_WARN__DUPLICATE_METHOD_MATCH = YES;
				CODE_SIGN_IDENTITY = "iPhone Developer";
				COPY_PHASE_STRIP = NO;
				DEBUG_INFORMATION_FORMAT = "dwarf-with-dsym";
				ENABLE_NS_ASSERTIONS = NO;
				ENABLE_STRICT_OBJC_MSGSEND = YES;
				GCC_C_LANGUAGE_STANDARD = gnu11;
				GCC_NO_COMMON_BLOCKS = YES;
				GCC_WARN_64_TO_32_BIT_CONVERSION = YES;
				GCC_WARN_ABOUT_RETURN_TYPE = YES_ERROR;
				GCC_WARN_UNDECLARED_SELECTOR = YES;
				GCC_WARN_UNINITIALIZED_AUTOS = YES_AGGRESSIVE;
				GCC_WARN_UNUSED_FUNCTION = YES;
				GCC_WARN_UNUSED_VARIABLE = YES;
				IPHONEOS_DEPLOYMENT_TARGET = 11.2;
				MTL_ENABLE_DEBUG_INFO = NO;
				SDKROOT = iphoneos;
				SWIFT_OPTIMIZATION_LEVEL = "-Owholemodule";
				VALIDATE_PRODUCT = YES;
			};
			name = Release;
		};
		EF842C6C1FE91A05002039FA /* Debug */ = {
			isa = XCBuildConfiguration;
			buildSettings = {
				ASSETCATALOG_COMPILER_APPICON_NAME = AppIcon;
				CODE_SIGN_STYLE = Automatic;
				FRAMEWORK_SEARCH_PATHS = (
					"$(inherited)",
					"$(PROJECT_DIR)",
				);
				INFOPLIST_FILE = "Phelim Test App/Info.plist";
				LD_RUNPATH_SEARCH_PATHS = "$(inherited) @executable_path/Frameworks";
				PRODUCT_BUNDLE_IDENTIFIER = "com.PhelimOBrien.Phelim-Test-App";
				PRODUCT_NAME = "$(TARGET_NAME)";
				SWIFT_VERSION = 4.0;
				TARGETED_DEVICE_FAMILY = "1,2";
			};
			name = Debug;
		};
		EF842C6D1FE91A05002039FA /* Release */ = {
			isa = XCBuildConfiguration;
			buildSettings = {
				ASSETCATALOG_COMPILER_APPICON_NAME = AppIcon;
				CODE_SIGN_STYLE = Automatic;
				FRAMEWORK_SEARCH_PATHS = (
					"$(inherited)",
					"$(PROJECT_DIR)",
				);
				INFOPLIST_FILE = "Phelim Test App/Info.plist";
				LD_RUNPATH_SEARCH_PATHS = "$(inherited) @executable_path/Frameworks";
				PRODUCT_BUNDLE_IDENTIFIER = "com.PhelimOBrien.Phelim-Test-App";
				PRODUCT_NAME = "$(TARGET_NAME)";
				SWIFT_VERSION = 4.0;
				TARGETED_DEVICE_FAMILY = "1,2";
			};
			name = Release;
		};
/* End XCBuildConfiguration section */

/* Begin XCConfigurationList section */
		EF842C541FE91A04002039FA /* Build configuration list for PBXProject "Phelim Test App" */ = {
			isa = XCConfigurationList;
			buildConfigurations = (
				EF842C691FE91A05002039FA /* Debug */,
				EF842C6A1FE91A05002039FA /* Release */,
			);
			defaultConfigurationIsVisible = 0;
			defaultConfigurationName = Release;
		};
		EF842C6B1FE91A05002039FA /* Build configuration list for PBXNativeTarget "Phelim Test App" */ = {
			isa = XCConfigurationList;
			buildConfigurations = (
				EF842C6C1FE91A05002039FA /* Debug */,
				EF842C6D1FE91A05002039FA /* Release */,
			);
			defaultConfigurationIsVisible = 0;
			defaultConfigurationName = Release;
		};
/* End XCConfigurationList section */
	};
	rootObject = EF842C511FE91A04002039FA /* Project object */;
}
